// !$*UTF8*$!
{
	archiveVersion = 1;
	classes = {
	};
	objectVersion = 46;
	objects = {

/* Begin PBXBuildFile section */
		176632321ECF81C8008C0E0D /* AppDelegate.swift in Sources */ = {isa = PBXBuildFile; fileRef = 176632311ECF81C8008C0E0D /* AppDelegate.swift */; };
		176632371ECF81C8008C0E0D /* Main.storyboard in Resources */ = {isa = PBXBuildFile; fileRef = 176632351ECF81C8008C0E0D /* Main.storyboard */; };
		176632391ECF81C8008C0E0D /* Assets.xcassets in Resources */ = {isa = PBXBuildFile; fileRef = 176632381ECF81C8008C0E0D /* Assets.xcassets */; };
		1766323C1ECF81C8008C0E0D /* LaunchScreen.storyboard in Resources */ = {isa = PBXBuildFile; fileRef = 1766323A1ECF81C8008C0E0D /* LaunchScreen.storyboard */; };
		176632441ECF8280008C0E0D /* CoreDataStack.swift in Sources */ = {isa = PBXBuildFile; fileRef = 176632431ECF8280008C0E0D /* CoreDataStack.swift */; };
		176632471ECF8328008C0E0D /* Filmo.xcdatamodeld in Sources */ = {isa = PBXBuildFile; fileRef = 176632451ECF8328008C0E0D /* Filmo.xcdatamodeld */; };
		1766324A1ECF85A1008C0E0D /* RemoteMovieService.swift in Sources */ = {isa = PBXBuildFile; fileRef = 176632491ECF85A1008C0E0D /* RemoteMovieService.swift */; };
		1766324C1ECF8611008C0E0D /* Podfile in Resources */ = {isa = PBXBuildFile; fileRef = 1766324B1ECF8611008C0E0D /* Podfile */; };
		1766324E1ECF897A008C0E0D /* API_UTILS.swift in Sources */ = {isa = PBXBuildFile; fileRef = 1766324D1ECF897A008C0E0D /* API_UTILS.swift */; };
		17E063C51ECF8DBA0092DC83 /* Alamofire.framework in Frameworks */ = {isa = PBXBuildFile; fileRef = 17E063C21ECF8DBA0092DC83 /* Alamofire.framework */; };
		17E063C61ECF8DBA0092DC83 /* Kingfisher.framework in Frameworks */ = {isa = PBXBuildFile; fileRef = 17E063C31ECF8DBA0092DC83 /* Kingfisher.framework */; };
		17E063C71ECF8DBA0092DC83 /* SwiftyJSON.framework in Frameworks */ = {isa = PBXBuildFile; fileRef = 17E063C41ECF8DBA0092DC83 /* SwiftyJSON.framework */; };
		17E063C91ECFB10D0092DC83 /* MovieModel.swift in Sources */ = {isa = PBXBuildFile; fileRef = 17E063C81ECFB10D0092DC83 /* MovieModel.swift */; };
		17E063CB1ECFB2320092DC83 /* MovieManage+Mapping.swift in Sources */ = {isa = PBXBuildFile; fileRef = 17E063CA1ECFB2320092DC83 /* MovieManage+Mapping.swift */; };
		17E063CE1ECFB3EA0092DC83 /* LocalCoreDataService.swift in Sources */ = {isa = PBXBuildFile; fileRef = 17E063CD1ECFB3EA0092DC83 /* LocalCoreDataService.swift */; };
		17E063D01ECFC43E0092DC83 /* FilmListViewController.swift in Sources */ = {isa = PBXBuildFile; fileRef = 17E063CF1ECFC43E0092DC83 /* FilmListViewController.swift */; };
		17E063D21ECFC4460092DC83 /* FavoriteListViewController.swift in Sources */ = {isa = PBXBuildFile; fileRef = 17E063D11ECFC4460092DC83 /* FavoriteListViewController.swift */; };
		17E063D41ECFC4590092DC83 /* FilmDetailViewController.swift in Sources */ = {isa = PBXBuildFile; fileRef = 17E063D31ECFC4590092DC83 /* FilmDetailViewController.swift */; };
		17E063D61ECFC46F0092DC83 /* FilmCustomCell.swift in Sources */ = {isa = PBXBuildFile; fileRef = 17E063D51ECFC46F0092DC83 /* FilmCustomCell.swift */; };
		B1A68AF5AE09B80564804F86 /* Pods_Filmo.framework in Frameworks */ = {isa = PBXBuildFile; fileRef = 9A476A7C7CA2137BDE066D8D /* Pods_Filmo.framework */; };
/* End PBXBuildFile section */

/* Begin PBXFileReference section */
		1766322E1ECF81C8008C0E0D /* Filmo.app */ = {isa = PBXFileReference; explicitFileType = wrapper.application; includeInIndex = 0; path = Filmo.app; sourceTree = BUILT_PRODUCTS_DIR; };
		176632311ECF81C8008C0E0D /* AppDelegate.swift */ = {isa = PBXFileReference; lastKnownFileType = sourcecode.swift; path = AppDelegate.swift; sourceTree = "<group>"; };
		176632361ECF81C8008C0E0D /* Base */ = {isa = PBXFileReference; lastKnownFileType = file.storyboard; name = Base; path = Base.lproj/Main.storyboard; sourceTree = "<group>"; };
		176632381ECF81C8008C0E0D /* Assets.xcassets */ = {isa = PBXFileReference; lastKnownFileType = folder.assetcatalog; path = Assets.xcassets; sourceTree = "<group>"; };
		1766323B1ECF81C8008C0E0D /* Base */ = {isa = PBXFileReference; lastKnownFileType = file.storyboard; name = Base; path = Base.lproj/LaunchScreen.storyboard; sourceTree = "<group>"; };
		1766323D1ECF81C8008C0E0D /* Info.plist */ = {isa = PBXFileReference; lastKnownFileType = text.plist.xml; path = Info.plist; sourceTree = "<group>"; };
		176632431ECF8280008C0E0D /* CoreDataStack.swift */ = {isa = PBXFileReference; fileEncoding = 4; lastKnownFileType = sourcecode.swift; path = CoreDataStack.swift; sourceTree = "<group>"; };
		176632461ECF8328008C0E0D /* Filmo.xcdatamodel */ = {isa = PBXFileReference; lastKnownFileType = wrapper.xcdatamodel; path = Filmo.xcdatamodel; sourceTree = "<group>"; };
		176632491ECF85A1008C0E0D /* RemoteMovieService.swift */ = {isa = PBXFileReference; fileEncoding = 4; lastKnownFileType = sourcecode.swift; path = RemoteMovieService.swift; sourceTree = "<group>"; };
		1766324B1ECF8611008C0E0D /* Podfile */ = {isa = PBXFileReference; fileEncoding = 4; lastKnownFileType = text; path = Podfile; sourceTree = "<group>"; };
		1766324D1ECF897A008C0E0D /* API_UTILS.swift */ = {isa = PBXFileReference; fileEncoding = 4; lastKnownFileType = sourcecode.swift; path = API_UTILS.swift; sourceTree = "<group>"; };
		17E063C21ECF8DBA0092DC83 /* Alamofire.framework */ = {isa = PBXFileReference; lastKnownFileType = wrapper.framework; name = Alamofire.framework; path = "../../../../../../../../Users/jorgemoniz/Library/Developer/Xcode/DerivedData/Filmo-diluufemqhuvwtefajzldmuygqei/Build/Products/Debug-iphonesimulator/Alamofire/Alamofire.framework"; sourceTree = "<group>"; };
		17E063C31ECF8DBA0092DC83 /* Kingfisher.framework */ = {isa = PBXFileReference; lastKnownFileType = wrapper.framework; name = Kingfisher.framework; path = "../../../../../../../../Users/jorgemoniz/Library/Developer/Xcode/DerivedData/Filmo-diluufemqhuvwtefajzldmuygqei/Build/Products/Debug-iphonesimulator/Kingfisher/Kingfisher.framework"; sourceTree = "<group>"; };
		17E063C41ECF8DBA0092DC83 /* SwiftyJSON.framework */ = {isa = PBXFileReference; lastKnownFileType = wrapper.framework; name = SwiftyJSON.framework; path = "../../../../../../../../Users/jorgemoniz/Library/Developer/Xcode/DerivedData/Filmo-diluufemqhuvwtefajzldmuygqei/Build/Products/Debug-iphonesimulator/SwiftyJSON/SwiftyJSON.framework"; sourceTree = "<group>"; };
		17E063C81ECFB10D0092DC83 /* MovieModel.swift */ = {isa = PBXFileReference; fileEncoding = 4; lastKnownFileType = sourcecode.swift; path = MovieModel.swift; sourceTree = "<group>"; };
		17E063CA1ECFB2320092DC83 /* MovieManage+Mapping.swift */ = {isa = PBXFileReference; fileEncoding = 4; lastKnownFileType = sourcecode.swift; path = "MovieManage+Mapping.swift"; sourceTree = "<group>"; };
		17E063CD1ECFB3EA0092DC83 /* LocalCoreDataService.swift */ = {isa = PBXFileReference; fileEncoding = 4; lastKnownFileType = sourcecode.swift; path = LocalCoreDataService.swift; sourceTree = "<group>"; };
		17E063CF1ECFC43E0092DC83 /* FilmListViewController.swift */ = {isa = PBXFileReference; fileEncoding = 4; lastKnownFileType = sourcecode.swift; path = FilmListViewController.swift; sourceTree = "<group>"; };
		17E063D11ECFC4460092DC83 /* FavoriteListViewController.swift */ = {isa = PBXFileReference; fileEncoding = 4; lastKnownFileType = sourcecode.swift; path = FavoriteListViewController.swift; sourceTree = "<group>"; };
		17E063D31ECFC4590092DC83 /* FilmDetailViewController.swift */ = {isa = PBXFileReference; fileEncoding = 4; lastKnownFileType = sourcecode.swift; path = FilmDetailViewController.swift; sourceTree = "<group>"; };
		17E063D51ECFC46F0092DC83 /* FilmCustomCell.swift */ = {isa = PBXFileReference; fileEncoding = 4; lastKnownFileType = sourcecode.swift; path = FilmCustomCell.swift; sourceTree = "<group>"; };
		598880F93A8ABF01CE86C75A /* Pods-Filmo.debug.xcconfig */ = {isa = PBXFileReference; includeInIndex = 1; lastKnownFileType = text.xcconfig; name = "Pods-Filmo.debug.xcconfig"; path = "Pods/Target Support Files/Pods-Filmo/Pods-Filmo.debug.xcconfig"; sourceTree = "<group>"; };
		97F0702B700D388C407C9D9C /* Pods-Filmo.release.xcconfig */ = {isa = PBXFileReference; includeInIndex = 1; lastKnownFileType = text.xcconfig; name = "Pods-Filmo.release.xcconfig"; path = "Pods/Target Support Files/Pods-Filmo/Pods-Filmo.release.xcconfig"; sourceTree = "<group>"; };
		9A476A7C7CA2137BDE066D8D /* Pods_Filmo.framework */ = {isa = PBXFileReference; explicitFileType = wrapper.framework; includeInIndex = 0; path = Pods_Filmo.framework; sourceTree = BUILT_PRODUCTS_DIR; };
/* End PBXFileReference section */

/* Begin PBXFrameworksBuildPhase section */
		1766322B1ECF81C8008C0E0D /* Frameworks */ = {
			isa = PBXFrameworksBuildPhase;
			buildActionMask = 2147483647;
			files = (
				17E063C51ECF8DBA0092DC83 /* Alamofire.framework in Frameworks */,
				17E063C61ECF8DBA0092DC83 /* Kingfisher.framework in Frameworks */,
				17E063C71ECF8DBA0092DC83 /* SwiftyJSON.framework in Frameworks */,
				B1A68AF5AE09B80564804F86 /* Pods_Filmo.framework in Frameworks */,
			);
			runOnlyForDeploymentPostprocessing = 0;
		};
/* End PBXFrameworksBuildPhase section */

/* Begin PBXGroup section */
		176632251ECF81C8008C0E0D = {
			isa = PBXGroup;
			children = (
				1766324B1ECF8611008C0E0D /* Podfile */,
				176632301ECF81C8008C0E0D /* Filmo */,
				1766322F1ECF81C8008C0E0D /* Products */,
				98611D2051355852B413BA76 /* Pods */,
				1CA9D4FF6C8AD2E620EA8DE1 /* Frameworks */,
			);
			sourceTree = "<group>";
		};
		1766322F1ECF81C8008C0E0D /* Products */ = {
			isa = PBXGroup;
			children = (
				1766322E1ECF81C8008C0E0D /* Filmo.app */,
			);
			name = Products;
			sourceTree = "<group>";
		};
		176632301ECF81C8008C0E0D /* Filmo */ = {
			isa = PBXGroup;
			children = (
				17E063CC1ECFB3720092DC83 /* SERVICE */,
				176632311ECF81C8008C0E0D /* AppDelegate.swift */,
				17E063D71ECFC47E0092DC83 /* VIEW_CONTROLLERS */,
				17E063D81ECFC4890092DC83 /* API */,
				176632481ECF8359008C0E0D /* MODEL */,
				176632351ECF81C8008C0E0D /* Main.storyboard */,
				176632381ECF81C8008C0E0D /* Assets.xcassets */,
				1766323A1ECF81C8008C0E0D /* LaunchScreen.storyboard */,
				1766323D1ECF81C8008C0E0D /* Info.plist */,
			);
			path = Filmo;
			sourceTree = "<group>";
		};
		176632481ECF8359008C0E0D /* MODEL */ = {
			isa = PBXGroup;
			children = (
				176632451ECF8328008C0E0D /* Filmo.xcdatamodeld */,
				17E063C81ECFB10D0092DC83 /* MovieModel.swift */,
				17E063CA1ECFB2320092DC83 /* MovieManage+Mapping.swift */,
			);
			name = MODEL;
			sourceTree = "<group>";
		};
		17E063CC1ECFB3720092DC83 /* SERVICE */ = {
			isa = PBXGroup;
			children = (
				176632431ECF8280008C0E0D /* CoreDataStack.swift */,
				176632491ECF85A1008C0E0D /* RemoteMovieService.swift */,
				17E063CD1ECFB3EA0092DC83 /* LocalCoreDataService.swift */,
			);
			name = SERVICE;
			sourceTree = "<group>";
		};
		17E063D71ECFC47E0092DC83 /* VIEW_CONTROLLERS */ = {
			isa = PBXGroup;
			children = (
				17E063CF1ECFC43E0092DC83 /* FilmListViewController.swift */,
				17E063D11ECFC4460092DC83 /* FavoriteListViewController.swift */,
				17E063D31ECFC4590092DC83 /* FilmDetailViewController.swift */,
				17E063D51ECFC46F0092DC83 /* FilmCustomCell.swift */,
			);
			name = VIEW_CONTROLLERS;
			sourceTree = "<group>";
		};
		17E063D81ECFC4890092DC83 /* API */ = {
			isa = PBXGroup;
			children = (
				1766324D1ECF897A008C0E0D /* API_UTILS.swift */,
			);
			name = API;
			sourceTree = "<group>";
		};
		1CA9D4FF6C8AD2E620EA8DE1 /* Frameworks */ = {
			isa = PBXGroup;
			children = (
				17E063C21ECF8DBA0092DC83 /* Alamofire.framework */,
				17E063C31ECF8DBA0092DC83 /* Kingfisher.framework */,
				17E063C41ECF8DBA0092DC83 /* SwiftyJSON.framework */,
				9A476A7C7CA2137BDE066D8D /* Pods_Filmo.framework */,
			);
			name = Frameworks;
			sourceTree = "<group>";
		};
		98611D2051355852B413BA76 /* Pods */ = {
			isa = PBXGroup;
			children = (
				598880F93A8ABF01CE86C75A /* Pods-Filmo.debug.xcconfig */,
				97F0702B700D388C407C9D9C /* Pods-Filmo.release.xcconfig */,
			);
			name = Pods;
			sourceTree = "<group>";
		};
/* End PBXGroup section */

/* Begin PBXNativeTarget section */
		1766322D1ECF81C8008C0E0D /* Filmo */ = {
			isa = PBXNativeTarget;
			buildConfigurationList = 176632401ECF81C8008C0E0D /* Build configuration list for PBXNativeTarget "Filmo" */;
			buildPhases = (
				3D5A7F1B787258F55DEEF1CC /* [CP] Check Pods Manifest.lock */,
				1766322A1ECF81C8008C0E0D /* Sources */,
				1766322B1ECF81C8008C0E0D /* Frameworks */,
				1766322C1ECF81C8008C0E0D /* Resources */,
				E56B9AF0825409D74BDA888B /* [CP] Embed Pods Frameworks */,
				0A06C3AC2837469C9BDF3D93 /* [CP] Copy Pods Resources */,
			);
			buildRules = (
			);
			dependencies = (
			);
			name = Filmo;
			productName = Filmo;
			productReference = 1766322E1ECF81C8008C0E0D /* Filmo.app */;
			productType = "com.apple.product-type.application";
		};
/* End PBXNativeTarget section */

/* Begin PBXProject section */
		176632261ECF81C8008C0E0D /* Project object */ = {
			isa = PBXProject;
			attributes = {
				LastSwiftUpdateCheck = 0830;
				LastUpgradeCheck = 0830;
				ORGANIZATIONNAME = "Jorge Moñiz";
				TargetAttributes = {
					1766322D1ECF81C8008C0E0D = {
						CreatedOnToolsVersion = 8.3.2;
						ProvisioningStyle = Automatic;
					};
				};
			};
			buildConfigurationList = 176632291ECF81C8008C0E0D /* Build configuration list for PBXProject "Filmo" */;
			compatibilityVersion = "Xcode 3.2";
			developmentRegion = English;
			hasScannedForEncodings = 0;
			knownRegions = (
				en,
				Base,
			);
			mainGroup = 176632251ECF81C8008C0E0D;
			productRefGroup = 1766322F1ECF81C8008C0E0D /* Products */;
			projectDirPath = "";
			projectRoot = "";
			targets = (
				1766322D1ECF81C8008C0E0D /* Filmo */,
			);
		};
/* End PBXProject section */

/* Begin PBXResourcesBuildPhase section */
		1766322C1ECF81C8008C0E0D /* Resources */ = {
			isa = PBXResourcesBuildPhase;
			buildActionMask = 2147483647;
			files = (
				1766323C1ECF81C8008C0E0D /* LaunchScreen.storyboard in Resources */,
				176632391ECF81C8008C0E0D /* Assets.xcassets in Resources */,
				1766324C1ECF8611008C0E0D /* Podfile in Resources */,
				176632371ECF81C8008C0E0D /* Main.storyboard in Resources */,
			);
			runOnlyForDeploymentPostprocessing = 0;
		};
/* End PBXResourcesBuildPhase section */

/* Begin PBXShellScriptBuildPhase section */
		0A06C3AC2837469C9BDF3D93 /* [CP] Copy Pods Resources */ = {
			isa = PBXShellScriptBuildPhase;
			buildActionMask = 2147483647;
			files = (
			);
			inputPaths = (
			);
			name = "[CP] Copy Pods Resources";
			outputPaths = (
			);
			runOnlyForDeploymentPostprocessing = 0;
			shellPath = /bin/sh;
			shellScript = "\"${SRCROOT}/Pods/Target Support Files/Pods-Filmo/Pods-Filmo-resources.sh\"\n";
			showEnvVarsInLog = 0;
		};
		3D5A7F1B787258F55DEEF1CC /* [CP] Check Pods Manifest.lock */ = {
			isa = PBXShellScriptBuildPhase;
			buildActionMask = 2147483647;
			files = (
			);
			inputPaths = (
			);
			name = "[CP] Check Pods Manifest.lock";
			outputPaths = (
			);
			runOnlyForDeploymentPostprocessing = 0;
			shellPath = /bin/sh;
			shellScript = "diff \"${PODS_PODFILE_DIR_PATH}/Podfile.lock\" \"${PODS_ROOT}/Manifest.lock\" > /dev/null\nif [ $? != 0 ] ; then\n    # print error to STDERR\n    echo \"error: The sandbox is not in sync with the Podfile.lock. Run 'pod install' or update your CocoaPods installation.\" >&2\n    exit 1\nfi\n";
			showEnvVarsInLog = 0;
		};
		E56B9AF0825409D74BDA888B /* [CP] Embed Pods Frameworks */ = {
			isa = PBXShellScriptBuildPhase;
			buildActionMask = 2147483647;
			files = (
			);
			inputPaths = (
			);
			name = "[CP] Embed Pods Frameworks";
			outputPaths = (
			);
			runOnlyForDeploymentPostprocessing = 0;
			shellPath = /bin/sh;
			shellScript = "\"${SRCROOT}/Pods/Target Support Files/Pods-Filmo/Pods-Filmo-frameworks.sh\"\n";
			showEnvVarsInLog = 0;
		};
/* End PBXShellScriptBuildPhase section */

/* Begin PBXSourcesBuildPhase section */
		1766322A1ECF81C8008C0E0D /* Sources */ = {
			isa = PBXSourcesBuildPhase;
			buildActionMask = 2147483647;
			files = (
				17E063C91ECFB10D0092DC83 /* MovieModel.swift in Sources */,
				176632441ECF8280008C0E0D /* CoreDataStack.swift in Sources */,
				17E063D61ECFC46F0092DC83 /* FilmCustomCell.swift in Sources */,
				176632471ECF8328008C0E0D /* Filmo.xcdatamodeld in Sources */,
				1766324E1ECF897A008C0E0D /* API_UTILS.swift in Sources */,
				17E063CB1ECFB2320092DC83 /* MovieManage+Mapping.swift in Sources */,
				17E063D01ECFC43E0092DC83 /* FilmListViewController.swift in Sources */,
				17E063CE1ECFB3EA0092DC83 /* LocalCoreDataService.swift in Sources */,
				17E063D41ECFC4590092DC83 /* FilmDetailViewController.swift in Sources */,
				1766324A1ECF85A1008C0E0D /* RemoteMovieService.swift in Sources */,
				17E063D21ECFC4460092DC83 /* FavoriteListViewController.swift in Sources */,
				176632321ECF81C8008C0E0D /* AppDelegate.swift in Sources */,
			);
			runOnlyForDeploymentPostprocessing = 0;
		};
/* End PBXSourcesBuildPhase section */

/* Begin PBXVariantGroup section */
		176632351ECF81C8008C0E0D /* Main.storyboard */ = {
			isa = PBXVariantGroup;
			children = (
				176632361ECF81C8008C0E0D /* Base */,
			);
			name = Main.storyboard;
			sourceTree = "<group>";
		};
		1766323A1ECF81C8008C0E0D /* LaunchScreen.storyboard */ = {
			isa = PBXVariantGroup;
			children = (
				1766323B1ECF81C8008C0E0D /* Base */,
			);
			name = LaunchScreen.storyboard;
			sourceTree = "<group>";
		};
/* End PBXVariantGroup section */

/* Begin XCBuildConfiguration section */
		1766323E1ECF81C8008C0E0D /* Debug */ = {
			isa = XCBuildConfiguration;
			buildSettings = {
				ALWAYS_SEARCH_USER_PATHS = NO;
				CLANG_ANALYZER_NONNULL = YES;
				CLANG_ANALYZER_NUMBER_OBJECT_CONVERSION = YES_AGGRESSIVE;
				CLANG_CXX_LANGUAGE_STANDARD = "gnu++0x";
				CLANG_CXX_LIBRARY = "libc++";
				CLANG_ENABLE_MODULES = YES;
				CLANG_ENABLE_OBJC_ARC = YES;
				CLANG_WARN_BOOL_CONVERSION = YES;
				CLANG_WARN_CONSTANT_CONVERSION = YES;
				CLANG_WARN_DIRECT_OBJC_ISA_USAGE = YES_ERROR;
				CLANG_WARN_DOCUMENTATION_COMMENTS = YES;
				CLANG_WARN_EMPTY_BODY = YES;
				CLANG_WARN_ENUM_CONVERSION = YES;
				CLANG_WARN_INFINITE_RECURSION = YES;
				CLANG_WARN_INT_CONVERSION = YES;
				CLANG_WARN_OBJC_ROOT_CLASS = YES_ERROR;
				CLANG_WARN_SUSPICIOUS_MOVE = YES;
				CLANG_WARN_UNREACHABLE_CODE = YES;
				CLANG_WARN__DUPLICATE_METHOD_MATCH = YES;
				"CODE_SIGN_IDENTITY[sdk=iphoneos*]" = "iPhone Developer";
				COPY_PHASE_STRIP = NO;
				DEBUG_INFORMATION_FORMAT = dwarf;
				ENABLE_STRICT_OBJC_MSGSEND = YES;
				ENABLE_TESTABILITY = YES;
				GCC_C_LANGUAGE_STANDARD = gnu99;
				GCC_DYNAMIC_NO_PIC = NO;
				GCC_NO_COMMON_BLOCKS = YES;
				GCC_OPTIMIZATION_LEVEL = 0;
				GCC_PREPROCESSOR_DEFINITIONS = (
					"DEBUG=1",
					"$(inherited)",
				);
				GCC_WARN_64_TO_32_BIT_CONVERSION = YES;
				GCC_WARN_ABOUT_RETURN_TYPE = YES_ERROR;
				GCC_WARN_UNDECLARED_SELECTOR = YES;
				GCC_WARN_UNINITIALIZED_AUTOS = YES_AGGRESSIVE;
				GCC_WARN_UNUSED_FUNCTION = YES;
				GCC_WARN_UNUSED_VARIABLE = YES;
				IPHONEOS_DEPLOYMENT_TARGET = 10.3;
				MTL_ENABLE_DEBUG_INFO = YES;
				ONLY_ACTIVE_ARCH = YES;
				SDKROOT = iphoneos;
				SWIFT_ACTIVE_COMPILATION_CONDITIONS = DEBUG;
				SWIFT_OPTIMIZATION_LEVEL = "-Onone";
			};
			name = Debug;
		};
		1766323F1ECF81C8008C0E0D /* Release */ = {
			isa = XCBuildConfiguration;
			buildSettings = {
				ALWAYS_SEARCH_USER_PATHS = NO;
				CLANG_ANALYZER_NONNULL = YES;
				CLANG_ANALYZER_NUMBER_OBJECT_CONVERSION = YES_AGGRESSIVE;
				CLANG_CXX_LANGUAGE_STANDARD = "gnu++0x";
				CLANG_CXX_LIBRARY = "libc++";
				CLANG_ENABLE_MODULES = YES;
				CLANG_ENABLE_OBJC_ARC = YES;
				CLANG_WARN_BOOL_CONVERSION = YES;
				CLANG_WARN_CONSTANT_CONVERSION = YES;
				CLANG_WARN_DIRECT_OBJC_ISA_USAGE = YES_ERROR;
				CLANG_WARN_DOCUMENTATION_COMMENTS = YES;
				CLANG_WARN_EMPTY_BODY = YES;
				CLANG_WARN_ENUM_CONVERSION = YES;
				CLANG_WARN_INFINITE_RECURSION = YES;
				CLANG_WARN_INT_CONVERSION = YES;
				CLANG_WARN_OBJC_ROOT_CLASS = YES_ERROR;
				CLANG_WARN_SUSPICIOUS_MOVE = YES;
				CLANG_WARN_UNREACHABLE_CODE = YES;
				CLANG_WARN__DUPLICATE_METHOD_MATCH = YES;
				"CODE_SIGN_IDENTITY[sdk=iphoneos*]" = "iPhone Developer";
				COPY_PHASE_STRIP = NO;
				DEBUG_INFORMATION_FORMAT = "dwarf-with-dsym";
				ENABLE_NS_ASSERTIONS = NO;
				ENABLE_STRICT_OBJC_MSGSEND = YES;
				GCC_C_LANGUAGE_STANDARD = gnu99;
				GCC_NO_COMMON_BLOCKS = YES;
				GCC_WARN_64_TO_32_BIT_CONVERSION = YES;
				GCC_WARN_ABOUT_RETURN_TYPE = YES_ERROR;
				GCC_WARN_UNDECLARED_SELECTOR = YES;
				GCC_WARN_UNINITIALIZED_AUTOS = YES_AGGRESSIVE;
				GCC_WARN_UNUSED_FUNCTION = YES;
				GCC_WARN_UNUSED_VARIABLE = YES;
				IPHONEOS_DEPLOYMENT_TARGET = 10.3;
				MTL_ENABLE_DEBUG_INFO = NO;
				SDKROOT = iphoneos;
				SWIFT_OPTIMIZATION_LEVEL = "-Owholemodule";
				VALIDATE_PRODUCT = YES;
			};
			name = Release;
		};
		176632411ECF81C8008C0E0D /* Debug */ = {
			isa = XCBuildConfiguration;
			baseConfigurationReference = 598880F93A8ABF01CE86C75A /* Pods-Filmo.debug.xcconfig */;
			buildSettings = {
				ASSETCATALOG_COMPILER_APPICON_NAME = AppIcon;
				INFOPLIST_FILE = Filmo/Info.plist;
				LD_RUNPATH_SEARCH_PATHS = "$(inherited) @executable_path/Frameworks";
				PRODUCT_BUNDLE_IDENTIFIER = com.jorgemoniz.Filmo;
				PRODUCT_NAME = "$(TARGET_NAME)";
				SWIFT_VERSION = 3.0;
			};
			name = Debug;
		};
		176632421ECF81C8008C0E0D /* Release */ = {
			isa = XCBuildConfiguration;
			baseConfigurationReference = 97F0702B700D388C407C9D9C /* Pods-Filmo.release.xcconfig */;
			buildSettings = {
				ASSETCATALOG_COMPILER_APPICON_NAME = AppIcon;
				INFOPLIST_FILE = Filmo/Info.plist;
				LD_RUNPATH_SEARCH_PATHS = "$(inherited) @executable_path/Frameworks";
				PRODUCT_BUNDLE_IDENTIFIER = com.jorgemoniz.Filmo;
				PRODUCT_NAME = "$(TARGET_NAME)";
				SWIFT_VERSION = 3.0;
			};
			name = Release;
		};
/* End XCBuildConfiguration section */

/* Begin XCConfigurationList section */
		176632291ECF81C8008C0E0D /* Build configuration list for PBXProject "Filmo" */ = {
			isa = XCConfigurationList;
			buildConfigurations = (
				1766323E1ECF81C8008C0E0D /* Debug */,
				1766323F1ECF81C8008C0E0D /* Release */,
			);
			defaultConfigurationIsVisible = 0;
			defaultConfigurationName = Release;
		};
		176632401ECF81C8008C0E0D /* Build configuration list for PBXNativeTarget "Filmo" */ = {
			isa = XCConfigurationList;
			buildConfigurations = (
				176632411ECF81C8008C0E0D /* Debug */,
				176632421ECF81C8008C0E0D /* Release */,
			);
			defaultConfigurationIsVisible = 0;
			defaultConfigurationName = Release;
		};
/* End XCConfigurationList section */

/* Begin XCVersionGroup section */
		176632451ECF8328008C0E0D /* Filmo.xcdatamodeld */ = {
			isa = XCVersionGroup;
			children = (
				176632461ECF8328008C0E0D /* Filmo.xcdatamodel */,
			);
			currentVersion = 176632461ECF8328008C0E0D /* Filmo.xcdatamodel */;
			path = Filmo.xcdatamodeld;
			sourceTree = "<group>";
			versionGroupType = wrapper.xcdatamodel;
		};
/* End XCVersionGroup section */
	};
	rootObject = 176632261ECF81C8008C0E0D /* Project object */;
}
